
Microsoft Visual Studio Solution File, Format Version 12.00
# Visual Studio Version 17
VisualStudioVersion = 17.7.34031.279
MinimumVisualStudioVersion = 10.0.40219.1
Project("{FAE04EC0-301F-11D3-BF4B-00C04F79EFBC}") = "ProjectGr_PM-OOP.DesignUI", "ProjectGr_PM-OOP.DesignUI\ProjectGr_PM-OOP.DesignUI.csproj", "{CA647090-A29F-403A-9D01-9D44DC135030}"
EndProject
Global
	GlobalSection(SolutionConfigurationPlatforms) = preSolution
		Debug|Any CPU = Debug|Any CPU
		Release|Any CPU = Release|Any CPU
	EndGlobalSection
	GlobalSection(ProjectConfigurationPlatforms) = postSolution
		{CA647090-A29F-403A-9D01-9D44DC135030}.Debug|Any CPU.ActiveCfg = Debug|Any CPU
		{CA647090-A29F-403A-9D01-9D44DC135030}.Debug|Any CPU.Build.0 = Debug|Any CPU
		{CA647090-A29F-403A-9D01-9D44DC135030}.Release|Any CPU.ActiveCfg = Release|Any CPU
		{CA647090-A29F-403A-9D01-9D44DC135030}.Release|Any CPU.Build.0 = Release|Any CPU
	EndGlobalSection
	GlobalSection(SolutionProperties) = preSolution
		HideSolutionNode = FALSE
	EndGlobalSection
	GlobalSection(ExtensibilityGlobals) = postSolution
		SolutionGuid = {FAC4DE88-91B9-4EB1-A88A-8CCF12F03CDE}
	EndGlobalSection
EndGlobal
